
Microsoft Visual Studio Solution File, Format Version 12.00
Project("{FAE04EC0-301F-11D3-BF4B-00C04F79EFBC}") = "Mima", "Mima\Mima.csproj", "{8601E847-2EBD-4F7F-A123-5E4FB7488138}"
EndProject
Global
	GlobalSection(SolutionConfigurationPlatforms) = preSolution
		Debug|Any CPU = Debug|Any CPU
		Release|Any CPU = Release|Any CPU
	EndGlobalSection
	GlobalSection(ProjectConfigurationPlatforms) = postSolution
		{8601E847-2EBD-4F7F-A123-5E4FB7488138}.Debug|Any CPU.ActiveCfg = Debug|Any CPU
		{8601E847-2EBD-4F7F-A123-5E4FB7488138}.Debug|Any CPU.Build.0 = Debug|Any CPU
		{8601E847-2EBD-4F7F-A123-5E4FB7488138}.Release|Any CPU.ActiveCfg = Release|Any CPU
		{8601E847-2EBD-4F7F-A123-5E4FB7488138}.Release|Any CPU.Build.0 = Release|Any CPU
	EndGlobalSection
EndGlobal
